
Microsoft Visual Studio Solution File, Format Version 12.00
# Visual Studio Version 17
VisualStudioVersion = 17.11.35431.28
MinimumVisualStudioVersion = 10.0.40219.1
Project("{FAE04EC0-301F-11D3-BF4B-00C04F79EFBC}") = "WPFUI", "WPFUI\WPFUI.csproj", "{D32F20EC-DFC6-45B7-875D-0432B9286326}"
EndProject
Project("{FAE04EC0-301F-11D3-BF4B-00C04F79EFBC}") = "Engine", "Engine\Engine.csproj", "{C8CC3194-504D-4905-8D97-3F9913A41B3D}"
EndProject
Project("{FAE04EC0-301F-11D3-BF4B-00C04F79EFBC}") = "TestEngine", "TestEngine\TestEngine.csproj", "{1157FB3B-E598-4998-BACD-36D6F81040E4}"
EndProject
Project("{2150E333-8FDC-42A3-9474-1A3956D46DE8}") = "Docs", "Docs", "{9A206DAD-28ED-4C58-BB67-6FB598FD05A6}"
	ProjectSection(SolutionItems) = preProject
		LicensesConsumed.md = LicensesConsumed.md
	EndProjectSection
EndProject
Global
	GlobalSection(SolutionConfigurationPlatforms) = preSolution
		Debug|Any CPU = Debug|Any CPU
		Release|Any CPU = Release|Any CPU
	EndGlobalSection
	GlobalSection(ProjectConfigurationPlatforms) = postSolution
		{D32F20EC-DFC6-45B7-875D-0432B9286326}.Debug|Any CPU.ActiveCfg = Debug|Any CPU
		{D32F20EC-DFC6-45B7-875D-0432B9286326}.Debug|Any CPU.Build.0 = Debug|Any CPU
		{D32F20EC-DFC6-45B7-875D-0432B9286326}.Release|Any CPU.ActiveCfg = Release|Any CPU
		{D32F20EC-DFC6-45B7-875D-0432B9286326}.Release|Any CPU.Build.0 = Release|Any CPU
		{C8CC3194-504D-4905-8D97-3F9913A41B3D}.Debug|Any CPU.ActiveCfg = Debug|Any CPU
		{C8CC3194-504D-4905-8D97-3F9913A41B3D}.Debug|Any CPU.Build.0 = Debug|Any CPU
		{C8CC3194-504D-4905-8D97-3F9913A41B3D}.Release|Any CPU.ActiveCfg = Release|Any CPU
		{C8CC3194-504D-4905-8D97-3F9913A41B3D}.Release|Any CPU.Build.0 = Release|Any CPU
		{1157FB3B-E598-4998-BACD-36D6F81040E4}.Debug|Any CPU.ActiveCfg = Debug|Any CPU
		{1157FB3B-E598-4998-BACD-36D6F81040E4}.Debug|Any CPU.Build.0 = Debug|Any CPU
		{1157FB3B-E598-4998-BACD-36D6F81040E4}.Release|Any CPU.ActiveCfg = Release|Any CPU
		{1157FB3B-E598-4998-BACD-36D6F81040E4}.Release|Any CPU.Build.0 = Release|Any CPU
	EndGlobalSection
	GlobalSection(SolutionProperties) = preSolution
		HideSolutionNode = FALSE
	EndGlobalSection
	GlobalSection(ExtensibilityGlobals) = postSolution
		SolutionGuid = {24C735A8-8F7E-49F1-8EA2-7FE5CA5D3B99}
	EndGlobalSection
EndGlobal
